
Microsoft Visual Studio Solution File, Format Version 12.00
Project("{FAE04EC0-301F-11D3-BF4B-00C04F79EFBC}") = "ProjectManagement.API", "ProjectManagement.API\ProjectManagement.API.csproj", "{CECFDE87-66BF-4CE8-B68F-1A154E4E7BFC}"
EndProject
Project("{FAE04EC0-301F-11D3-BF4B-00C04F79EFBC}") = "ProjectManagement.DataAccess", "ProjectManagement.DataAccess\ProjectManagement.DataAccess.csproj", "{CE08A2B3-D115-41B6-B232-FE12B4A2FAFA}"
EndProject
Project("{FAE04EC0-301F-11D3-BF4B-00C04F79EFBC}") = "ProjectManagement.Core", "ProjectManagement.Core\ProjectManagement.Core.csproj", "{8BDA46B0-6B92-477F-BD41-5E5104326251}"
EndProject
Project("{FAE04EC0-301F-11D3-BF4B-00C04F79EFBC}") = "ProjectManagement.Application", "ProjectManagement.Application\ProjectManagement.Application.csproj", "{C30EF2B1-4B4C-4412-860C-90B1F80893CB}"
EndProject
Global
	GlobalSection(SolutionConfigurationPlatforms) = preSolution
		Debug|Any CPU = Debug|Any CPU
		Release|Any CPU = Release|Any CPU
	EndGlobalSection
	GlobalSection(ProjectConfigurationPlatforms) = postSolution
		{CECFDE87-66BF-4CE8-B68F-1A154E4E7BFC}.Debug|Any CPU.ActiveCfg = Debug|Any CPU
		{CECFDE87-66BF-4CE8-B68F-1A154E4E7BFC}.Debug|Any CPU.Build.0 = Debug|Any CPU
		{CECFDE87-66BF-4CE8-B68F-1A154E4E7BFC}.Release|Any CPU.ActiveCfg = Release|Any CPU
		{CECFDE87-66BF-4CE8-B68F-1A154E4E7BFC}.Release|Any CPU.Build.0 = Release|Any CPU
		{CE08A2B3-D115-41B6-B232-FE12B4A2FAFA}.Debug|Any CPU.ActiveCfg = Debug|Any CPU
		{CE08A2B3-D115-41B6-B232-FE12B4A2FAFA}.Debug|Any CPU.Build.0 = Debug|Any CPU
		{CE08A2B3-D115-41B6-B232-FE12B4A2FAFA}.Release|Any CPU.ActiveCfg = Release|Any CPU
		{CE08A2B3-D115-41B6-B232-FE12B4A2FAFA}.Release|Any CPU.Build.0 = Release|Any CPU
		{8BDA46B0-6B92-477F-BD41-5E5104326251}.Debug|Any CPU.ActiveCfg = Debug|Any CPU
		{8BDA46B0-6B92-477F-BD41-5E5104326251}.Debug|Any CPU.Build.0 = Debug|Any CPU
		{8BDA46B0-6B92-477F-BD41-5E5104326251}.Release|Any CPU.ActiveCfg = Release|Any CPU
		{8BDA46B0-6B92-477F-BD41-5E5104326251}.Release|Any CPU.Build.0 = Release|Any CPU
		{C30EF2B1-4B4C-4412-860C-90B1F80893CB}.Debug|Any CPU.ActiveCfg = Debug|Any CPU
		{C30EF2B1-4B4C-4412-860C-90B1F80893CB}.Debug|Any CPU.Build.0 = Debug|Any CPU
		{C30EF2B1-4B4C-4412-860C-90B1F80893CB}.Release|Any CPU.ActiveCfg = Release|Any CPU
		{C30EF2B1-4B4C-4412-860C-90B1F80893CB}.Release|Any CPU.Build.0 = Release|Any CPU
	EndGlobalSection
EndGlobal
